
Microsoft Visual Studio Solution File, Format Version 12.00
# Visual Studio Version 17
VisualStudioVersion = 17.14.36301.6 d17.14
MinimumVisualStudioVersion = 10.0.40219.1
Project("{FAE04EC0-301F-11D3-BF4B-00C04F79EFBC}") = "SteamMarketNotifier", "SteamMarketNotifier.csproj", "{916DDF50-550D-4C16-A871-7A8C9E2B351D}"
EndProject
Global
	GlobalSection(SolutionConfigurationPlatforms) = preSolution
		Debug|Any CPU = Debug|Any CPU
		Release|Any CPU = Release|Any CPU
	EndGlobalSection
	GlobalSection(ProjectConfigurationPlatforms) = postSolution
		{916DDF50-550D-4C16-A871-7A8C9E2B351D}.Debug|Any CPU.ActiveCfg = Debug|Any CPU
		{916DDF50-550D-4C16-A871-7A8C9E2B351D}.Debug|Any CPU.Build.0 = Debug|Any CPU
		{916DDF50-550D-4C16-A871-7A8C9E2B351D}.Release|Any CPU.ActiveCfg = Release|Any CPU
		{916DDF50-550D-4C16-A871-7A8C9E2B351D}.Release|Any CPU.Build.0 = Release|Any CPU
	EndGlobalSection
	GlobalSection(SolutionProperties) = preSolution
		HideSolutionNode = FALSE
	EndGlobalSection
	GlobalSection(ExtensibilityGlobals) = postSolution
		SolutionGuid = {BBFC870B-2B03-41B1-AD17-E079210E601B}
	EndGlobalSection
EndGlobal
